
Microsoft Visual Studio Solution File, Format Version 12.00
# Visual Studio Version 17
VisualStudioVersion = 17.13.35931.197 d17.13
MinimumVisualStudioVersion = 10.0.40219.1
Project("{FAE04EC0-301F-11D3-BF4B-00C04F79EFBC}") = "TeviaFarm", "TeviaFarm.csproj", "{F6EDE59F-866C-2E59-31C7-755D3B60DDCC}"
EndProject
Global
	GlobalSection(SolutionConfigurationPlatforms) = preSolution
		Debug|Any CPU = Debug|Any CPU
		Release|Any CPU = Release|Any CPU
	EndGlobalSection
	GlobalSection(ProjectConfigurationPlatforms) = postSolution
		{F6EDE59F-866C-2E59-31C7-755D3B60DDCC}.Debug|Any CPU.ActiveCfg = Debug|Any CPU
		{F6EDE59F-866C-2E59-31C7-755D3B60DDCC}.Debug|Any CPU.Build.0 = Debug|Any CPU
		{F6EDE59F-866C-2E59-31C7-755D3B60DDCC}.Release|Any CPU.ActiveCfg = Release|Any CPU
		{F6EDE59F-866C-2E59-31C7-755D3B60DDCC}.Release|Any CPU.Build.0 = Release|Any CPU
	EndGlobalSection
	GlobalSection(SolutionProperties) = preSolution
		HideSolutionNode = FALSE
	EndGlobalSection
	GlobalSection(ExtensibilityGlobals) = postSolution
		SolutionGuid = {B3D392F5-38DE-44B8-88D4-BDB0D0E3669B}
	EndGlobalSection
EndGlobal
